
Microsoft Visual Studio Solution File, Format Version 12.00
# Visual Studio Version 17
VisualStudioVersion = 17.0.32014.148
MinimumVisualStudioVersion = 10.0.40219.1
Project("{9A19103F-16F7-4668-BE54-9A1E7A4F7556}") = "ElementAt", "ElementAt\ElementAt.csproj", "{AEF46F33-4C3D-4AB6-A2CD-BCDC5B6913E5}"
EndProject
Project("{9A19103F-16F7-4668-BE54-9A1E7A4F7556}") = "ElementAtOrDefault", "ElementAtOrDefault\ElementAtOrDefault.csproj", "{07A326FF-2F39-4F13-855E-C59FE38089DB}"
EndProject
Project("{9A19103F-16F7-4668-BE54-9A1E7A4F7556}") = "First", "First\First.csproj", "{3F50B5A2-3ACD-4709-AA8F-598030CC9938}"
EndProject
Project("{9A19103F-16F7-4668-BE54-9A1E7A4F7556}") = "FirstOrDefault", "FirstOrDefault\FirstOrDefault.csproj", "{F18F86D8-F80F-4DAF-B321-2BBB4F785D0B}"
EndProject
Project("{9A19103F-16F7-4668-BE54-9A1E7A4F7556}") = "Last", "Last\Last.csproj", "{58C3ED4F-B747-415C-82C7-687C45B04B4F}"
EndProject
Project("{FAE04EC0-301F-11D3-BF4B-00C04F79EFBC}") = "LastOrDefault", "LastOrDefault\LastOrDefault.csproj", "{CE353603-5F5F-4619-B83C-E3F6363F8FF3}"
EndProject
Project("{FAE04EC0-301F-11D3-BF4B-00C04F79EFBC}") = "SingleOrDefault", "SingleOrDefault\SingleOrDefault.csproj", "{072A499B-6476-4289-947F-0E8079095097}"
EndProject
Global
	GlobalSection(SolutionConfigurationPlatforms) = preSolution
		Debug|Any CPU = Debug|Any CPU
		Release|Any CPU = Release|Any CPU
	EndGlobalSection
	GlobalSection(ProjectConfigurationPlatforms) = postSolution
		{AEF46F33-4C3D-4AB6-A2CD-BCDC5B6913E5}.Debug|Any CPU.ActiveCfg = Debug|Any CPU
		{AEF46F33-4C3D-4AB6-A2CD-BCDC5B6913E5}.Debug|Any CPU.Build.0 = Debug|Any CPU
		{AEF46F33-4C3D-4AB6-A2CD-BCDC5B6913E5}.Release|Any CPU.ActiveCfg = Release|Any CPU
		{AEF46F33-4C3D-4AB6-A2CD-BCDC5B6913E5}.Release|Any CPU.Build.0 = Release|Any CPU
		{07A326FF-2F39-4F13-855E-C59FE38089DB}.Debug|Any CPU.ActiveCfg = Debug|Any CPU
		{07A326FF-2F39-4F13-855E-C59FE38089DB}.Debug|Any CPU.Build.0 = Debug|Any CPU
		{07A326FF-2F39-4F13-855E-C59FE38089DB}.Release|Any CPU.ActiveCfg = Release|Any CPU
		{07A326FF-2F39-4F13-855E-C59FE38089DB}.Release|Any CPU.Build.0 = Release|Any CPU
		{3F50B5A2-3ACD-4709-AA8F-598030CC9938}.Debug|Any CPU.ActiveCfg = Debug|Any CPU
		{3F50B5A2-3ACD-4709-AA8F-598030CC9938}.Debug|Any CPU.Build.0 = Debug|Any CPU
		{3F50B5A2-3ACD-4709-AA8F-598030CC9938}.Release|Any CPU.ActiveCfg = Release|Any CPU
		{3F50B5A2-3ACD-4709-AA8F-598030CC9938}.Release|Any CPU.Build.0 = Release|Any CPU
		{F18F86D8-F80F-4DAF-B321-2BBB4F785D0B}.Debug|Any CPU.ActiveCfg = Debug|Any CPU
		{F18F86D8-F80F-4DAF-B321-2BBB4F785D0B}.Debug|Any CPU.Build.0 = Debug|Any CPU
		{F18F86D8-F80F-4DAF-B321-2BBB4F785D0B}.Release|Any CPU.ActiveCfg = Release|Any CPU
		{F18F86D8-F80F-4DAF-B321-2BBB4F785D0B}.Release|Any CPU.Build.0 = Release|Any CPU
		{58C3ED4F-B747-415C-82C7-687C45B04B4F}.Debug|Any CPU.ActiveCfg = Debug|Any CPU
		{58C3ED4F-B747-415C-82C7-687C45B04B4F}.Debug|Any CPU.Build.0 = Debug|Any CPU
		{58C3ED4F-B747-415C-82C7-687C45B04B4F}.Release|Any CPU.ActiveCfg = Release|Any CPU
		{58C3ED4F-B747-415C-82C7-687C45B04B4F}.Release|Any CPU.Build.0 = Release|Any CPU
		{CE353603-5F5F-4619-B83C-E3F6363F8FF3}.Debug|Any CPU.ActiveCfg = Debug|Any CPU
		{CE353603-5F5F-4619-B83C-E3F6363F8FF3}.Debug|Any CPU.Build.0 = Debug|Any CPU
		{CE353603-5F5F-4619-B83C-E3F6363F8FF3}.Release|Any CPU.ActiveCfg = Release|Any CPU
		{CE353603-5F5F-4619-B83C-E3F6363F8FF3}.Release|Any CPU.Build.0 = Release|Any CPU
		{072A499B-6476-4289-947F-0E8079095097}.Debug|Any CPU.ActiveCfg = Debug|Any CPU
		{072A499B-6476-4289-947F-0E8079095097}.Debug|Any CPU.Build.0 = Debug|Any CPU
		{072A499B-6476-4289-947F-0E8079095097}.Release|Any CPU.ActiveCfg = Release|Any CPU
		{072A499B-6476-4289-947F-0E8079095097}.Release|Any CPU.Build.0 = Release|Any CPU
	EndGlobalSection
	GlobalSection(SolutionProperties) = preSolution
		HideSolutionNode = FALSE
	EndGlobalSection
	GlobalSection(ExtensibilityGlobals) = postSolution
		SolutionGuid = {DCE81DC4-A20F-4564-8141-EDF5F1D301EA}
	EndGlobalSection
EndGlobal
