
Microsoft Visual Studio Solution File, Format Version 12.00
# Visual Studio Version 17
VisualStudioVersion = 17.0.32014.148
MinimumVisualStudioVersion = 10.0.40219.1
Project("{9A19103F-16F7-4668-BE54-9A1E7A4F7556}") = "Aggregate(simple)", "Aggregate(simple)\Aggregate(simple).csproj", "{9C55FD57-A077-495C-B553-D5702F44095E}"
EndProject
Project("{9A19103F-16F7-4668-BE54-9A1E7A4F7556}") = "Aggregate(seed)", "Aggregate(seed)\Aggregate(seed).csproj", "{F16AAC42-3476-456E-8100-C9CEF3F284CB}"
EndProject
Project("{9A19103F-16F7-4668-BE54-9A1E7A4F7556}") = "Average", "Average\Average.csproj", "{54DCE94B-B414-41DF-86A8-9A96A6B6F798}"
EndProject
Project("{9A19103F-16F7-4668-BE54-9A1E7A4F7556}") = "Count", "Count\Count.csproj", "{C8CB95C1-F15F-4C41-8DA0-9C8A2D1491F5}"
EndProject
Project("{9A19103F-16F7-4668-BE54-9A1E7A4F7556}") = "LongCount", "LongCount\LongCount.csproj", "{899D9AC6-23DA-4BDA-9BC8-5D651507FFC7}"
EndProject
Project("{FAE04EC0-301F-11D3-BF4B-00C04F79EFBC}") = "Max", "Max\Max.csproj", "{B273A3C8-714D-418B-B2AD-9FB40659B596}"
EndProject
Project("{FAE04EC0-301F-11D3-BF4B-00C04F79EFBC}") = "Min", "Min\Min.csproj", "{38947345-F4BD-4A76-9CC7-4BFBA9230A0B}"
EndProject
Global
	GlobalSection(SolutionConfigurationPlatforms) = preSolution
		Debug|Any CPU = Debug|Any CPU
		Release|Any CPU = Release|Any CPU
	EndGlobalSection
	GlobalSection(ProjectConfigurationPlatforms) = postSolution
		{9C55FD57-A077-495C-B553-D5702F44095E}.Debug|Any CPU.ActiveCfg = Debug|Any CPU
		{9C55FD57-A077-495C-B553-D5702F44095E}.Debug|Any CPU.Build.0 = Debug|Any CPU
		{9C55FD57-A077-495C-B553-D5702F44095E}.Release|Any CPU.ActiveCfg = Release|Any CPU
		{9C55FD57-A077-495C-B553-D5702F44095E}.Release|Any CPU.Build.0 = Release|Any CPU
		{F16AAC42-3476-456E-8100-C9CEF3F284CB}.Debug|Any CPU.ActiveCfg = Debug|Any CPU
		{F16AAC42-3476-456E-8100-C9CEF3F284CB}.Debug|Any CPU.Build.0 = Debug|Any CPU
		{F16AAC42-3476-456E-8100-C9CEF3F284CB}.Release|Any CPU.ActiveCfg = Release|Any CPU
		{F16AAC42-3476-456E-8100-C9CEF3F284CB}.Release|Any CPU.Build.0 = Release|Any CPU
		{54DCE94B-B414-41DF-86A8-9A96A6B6F798}.Debug|Any CPU.ActiveCfg = Debug|Any CPU
		{54DCE94B-B414-41DF-86A8-9A96A6B6F798}.Debug|Any CPU.Build.0 = Debug|Any CPU
		{54DCE94B-B414-41DF-86A8-9A96A6B6F798}.Release|Any CPU.ActiveCfg = Release|Any CPU
		{54DCE94B-B414-41DF-86A8-9A96A6B6F798}.Release|Any CPU.Build.0 = Release|Any CPU
		{C8CB95C1-F15F-4C41-8DA0-9C8A2D1491F5}.Debug|Any CPU.ActiveCfg = Debug|Any CPU
		{C8CB95C1-F15F-4C41-8DA0-9C8A2D1491F5}.Debug|Any CPU.Build.0 = Debug|Any CPU
		{C8CB95C1-F15F-4C41-8DA0-9C8A2D1491F5}.Release|Any CPU.ActiveCfg = Release|Any CPU
		{C8CB95C1-F15F-4C41-8DA0-9C8A2D1491F5}.Release|Any CPU.Build.0 = Release|Any CPU
		{899D9AC6-23DA-4BDA-9BC8-5D651507FFC7}.Debug|Any CPU.ActiveCfg = Debug|Any CPU
		{899D9AC6-23DA-4BDA-9BC8-5D651507FFC7}.Debug|Any CPU.Build.0 = Debug|Any CPU
		{899D9AC6-23DA-4BDA-9BC8-5D651507FFC7}.Release|Any CPU.ActiveCfg = Release|Any CPU
		{899D9AC6-23DA-4BDA-9BC8-5D651507FFC7}.Release|Any CPU.Build.0 = Release|Any CPU
		{B273A3C8-714D-418B-B2AD-9FB40659B596}.Debug|Any CPU.ActiveCfg = Debug|Any CPU
		{B273A3C8-714D-418B-B2AD-9FB40659B596}.Debug|Any CPU.Build.0 = Debug|Any CPU
		{B273A3C8-714D-418B-B2AD-9FB40659B596}.Release|Any CPU.ActiveCfg = Release|Any CPU
		{B273A3C8-714D-418B-B2AD-9FB40659B596}.Release|Any CPU.Build.0 = Release|Any CPU
		{38947345-F4BD-4A76-9CC7-4BFBA9230A0B}.Debug|Any CPU.ActiveCfg = Debug|Any CPU
		{38947345-F4BD-4A76-9CC7-4BFBA9230A0B}.Debug|Any CPU.Build.0 = Debug|Any CPU
		{38947345-F4BD-4A76-9CC7-4BFBA9230A0B}.Release|Any CPU.ActiveCfg = Release|Any CPU
		{38947345-F4BD-4A76-9CC7-4BFBA9230A0B}.Release|Any CPU.Build.0 = Release|Any CPU
	EndGlobalSection
	GlobalSection(SolutionProperties) = preSolution
		HideSolutionNode = FALSE
	EndGlobalSection
	GlobalSection(ExtensibilityGlobals) = postSolution
		SolutionGuid = {1124B0C0-FBA7-4336-920C-170056286582}
	EndGlobalSection
EndGlobal
