
Microsoft Visual Studio Solution File, Format Version 12.00
# Visual Studio Version 17
VisualStudioVersion = 17.0.32014.148
MinimumVisualStudioVersion = 10.0.40219.1
Project("{FAE04EC0-301F-11D3-BF4B-00C04F79EFBC}") = "Aggregate(simple)", "Aggregate(simple)\Aggregate(simple).csproj", "{9C55FD57-A077-495C-B553-D5702F44095E}"
EndProject
Global
	GlobalSection(SolutionConfigurationPlatforms) = preSolution
		Debug|Any CPU = Debug|Any CPU
		Release|Any CPU = Release|Any CPU
	EndGlobalSection
	GlobalSection(ProjectConfigurationPlatforms) = postSolution
		{9C55FD57-A077-495C-B553-D5702F44095E}.Debug|Any CPU.ActiveCfg = Debug|Any CPU
		{9C55FD57-A077-495C-B553-D5702F44095E}.Debug|Any CPU.Build.0 = Debug|Any CPU
		{9C55FD57-A077-495C-B553-D5702F44095E}.Release|Any CPU.ActiveCfg = Release|Any CPU
		{9C55FD57-A077-495C-B553-D5702F44095E}.Release|Any CPU.Build.0 = Release|Any CPU
	EndGlobalSection
	GlobalSection(SolutionProperties) = preSolution
		HideSolutionNode = FALSE
	EndGlobalSection
	GlobalSection(ExtensibilityGlobals) = postSolution
		SolutionGuid = {1124B0C0-FBA7-4336-920C-170056286582}
	EndGlobalSection
EndGlobal
