
Microsoft Visual Studio Solution File, Format Version 12.00
# Visual Studio Version 17
VisualStudioVersion = 17.0.32014.148
MinimumVisualStudioVersion = 10.0.40219.1
Project("{9A19103F-16F7-4668-BE54-9A1E7A4F7556}") = "DefaultIfEmpty", "DefaultIfEmpty\DefaultIfEmpty.csproj", "{625DF219-C541-473B-83C2-B6E3ECD7150D}"
EndProject
Project("{FAE04EC0-301F-11D3-BF4B-00C04F79EFBC}") = "Empty", "Empty\Empty.csproj", "{AB729071-26B4-4EB0-89FF-0561CF7ED821}"
EndProject
Global
	GlobalSection(SolutionConfigurationPlatforms) = preSolution
		Debug|Any CPU = Debug|Any CPU
		Release|Any CPU = Release|Any CPU
	EndGlobalSection
	GlobalSection(ProjectConfigurationPlatforms) = postSolution
		{625DF219-C541-473B-83C2-B6E3ECD7150D}.Debug|Any CPU.ActiveCfg = Debug|Any CPU
		{625DF219-C541-473B-83C2-B6E3ECD7150D}.Debug|Any CPU.Build.0 = Debug|Any CPU
		{625DF219-C541-473B-83C2-B6E3ECD7150D}.Release|Any CPU.ActiveCfg = Release|Any CPU
		{625DF219-C541-473B-83C2-B6E3ECD7150D}.Release|Any CPU.Build.0 = Release|Any CPU
		{AB729071-26B4-4EB0-89FF-0561CF7ED821}.Debug|Any CPU.ActiveCfg = Debug|Any CPU
		{AB729071-26B4-4EB0-89FF-0561CF7ED821}.Debug|Any CPU.Build.0 = Debug|Any CPU
		{AB729071-26B4-4EB0-89FF-0561CF7ED821}.Release|Any CPU.ActiveCfg = Release|Any CPU
		{AB729071-26B4-4EB0-89FF-0561CF7ED821}.Release|Any CPU.Build.0 = Release|Any CPU
	EndGlobalSection
	GlobalSection(SolutionProperties) = preSolution
		HideSolutionNode = FALSE
	EndGlobalSection
	GlobalSection(ExtensibilityGlobals) = postSolution
		SolutionGuid = {ABAB78DC-DAD6-4E8F-A657-F88A2AEB1EA0}
	EndGlobalSection
EndGlobal
